
Microsoft Visual Studio Solution File, Format Version 12.00
# Visual Studio Version 17
VisualStudioVersion = 17.0.31903.59
MinimumVisualStudioVersion = 10.0.40219.1
Project("{FAE04EC0-301F-11D3-BF4B-00C04F79EFBC}") = "Domain", "Domain\Domain.csproj", "{10A3424B-1DFB-44EF-A65F-16D6E629D871}"
EndProject
Project("{FAE04EC0-301F-11D3-BF4B-00C04F79EFBC}") = "Infrastructure", "Infrastructure\Infrastructure.csproj", "{0169813E-5303-4173-B723-AA19223FA52A}"
EndProject
Project("{FAE04EC0-301F-11D3-BF4B-00C04F79EFBC}") = "WebApi", "WebApi\WebApi.csproj", "{19E95019-C329-4C52-8818-163DE4B4A685}"
EndProject
Global
	GlobalSection(SolutionConfigurationPlatforms) = preSolution
		Debug|Any CPU = Debug|Any CPU
		Release|Any CPU = Release|Any CPU
	EndGlobalSection
	GlobalSection(SolutionProperties) = preSolution
		HideSolutionNode = FALSE
	EndGlobalSection
	GlobalSection(ProjectConfigurationPlatforms) = postSolution
		{10A3424B-1DFB-44EF-A65F-16D6E629D871}.Debug|Any CPU.ActiveCfg = Debug|Any CPU
		{10A3424B-1DFB-44EF-A65F-16D6E629D871}.Debug|Any CPU.Build.0 = Debug|Any CPU
		{10A3424B-1DFB-44EF-A65F-16D6E629D871}.Release|Any CPU.ActiveCfg = Release|Any CPU
		{10A3424B-1DFB-44EF-A65F-16D6E629D871}.Release|Any CPU.Build.0 = Release|Any CPU
		{0169813E-5303-4173-B723-AA19223FA52A}.Debug|Any CPU.ActiveCfg = Debug|Any CPU
		{0169813E-5303-4173-B723-AA19223FA52A}.Debug|Any CPU.Build.0 = Debug|Any CPU
		{0169813E-5303-4173-B723-AA19223FA52A}.Release|Any CPU.ActiveCfg = Release|Any CPU
		{0169813E-5303-4173-B723-AA19223FA52A}.Release|Any CPU.Build.0 = Release|Any CPU
		{19E95019-C329-4C52-8818-163DE4B4A685}.Debug|Any CPU.ActiveCfg = Debug|Any CPU
		{19E95019-C329-4C52-8818-163DE4B4A685}.Debug|Any CPU.Build.0 = Debug|Any CPU
		{19E95019-C329-4C52-8818-163DE4B4A685}.Release|Any CPU.ActiveCfg = Release|Any CPU
		{19E95019-C329-4C52-8818-163DE4B4A685}.Release|Any CPU.Build.0 = Release|Any CPU
	EndGlobalSection
EndGlobal
